
Microsoft Visual Studio Solution File, Format Version 12.00
# Visual Studio Version 16
VisualStudioVersion = 16.0.33423.256
MinimumVisualStudioVersion = 10.0.40219.1
Project("{FAE04EC0-301F-11D3-BF4B-00C04F79EFBC}") = "project3", "project3\project3.csproj", "{15678B66-8F2B-4811-A5D1-5C5F9DB0C368}"
EndProject
Global
	GlobalSection(SolutionConfigurationPlatforms) = preSolution
		Debug|Any CPU = Debug|Any CPU
		Release|Any CPU = Release|Any CPU
	EndGlobalSection
	GlobalSection(ProjectConfigurationPlatforms) = postSolution
		{15678B66-8F2B-4811-A5D1-5C5F9DB0C368}.Debug|Any CPU.ActiveCfg = Debug|Any CPU
		{15678B66-8F2B-4811-A5D1-5C5F9DB0C368}.Debug|Any CPU.Build.0 = Debug|Any CPU
		{15678B66-8F2B-4811-A5D1-5C5F9DB0C368}.Release|Any CPU.ActiveCfg = Release|Any CPU
		{15678B66-8F2B-4811-A5D1-5C5F9DB0C368}.Release|Any CPU.Build.0 = Release|Any CPU
	EndGlobalSection
	GlobalSection(SolutionProperties) = preSolution
		HideSolutionNode = FALSE
	EndGlobalSection
	GlobalSection(ExtensibilityGlobals) = postSolution
		SolutionGuid = {DDC06A78-038F-41B2-80AA-5EDB70D78C8C}
	EndGlobalSection
EndGlobal
