
Microsoft Visual Studio Solution File, Format Version 12.00
# Visual Studio Version 16
VisualStudioVersion = 16.0.33423.256
MinimumVisualStudioVersion = 10.0.40219.1
Project("{FAE04EC0-301F-11D3-BF4B-00C04F79EFBC}") = "BussinessProject", "BussinessProject\BussinessProject.csproj", "{7123AFE3-29DF-44DF-8747-30296C379DA1}"
EndProject
Global
	GlobalSection(SolutionConfigurationPlatforms) = preSolution
		Debug|Any CPU = Debug|Any CPU
		Release|Any CPU = Release|Any CPU
	EndGlobalSection
	GlobalSection(ProjectConfigurationPlatforms) = postSolution
		{7123AFE3-29DF-44DF-8747-30296C379DA1}.Debug|Any CPU.ActiveCfg = Debug|Any CPU
		{7123AFE3-29DF-44DF-8747-30296C379DA1}.Debug|Any CPU.Build.0 = Debug|Any CPU
		{7123AFE3-29DF-44DF-8747-30296C379DA1}.Release|Any CPU.ActiveCfg = Release|Any CPU
		{7123AFE3-29DF-44DF-8747-30296C379DA1}.Release|Any CPU.Build.0 = Release|Any CPU
	EndGlobalSection
	GlobalSection(SolutionProperties) = preSolution
		HideSolutionNode = FALSE
	EndGlobalSection
	GlobalSection(ExtensibilityGlobals) = postSolution
		SolutionGuid = {F9564C7D-EB2B-4A75-9C20-3C19C62B2083}
	EndGlobalSection
EndGlobal
